
Microsoft Visual Studio Solution File, Format Version 12.00
# Visual Studio 15
VisualStudioVersion = 15.0.27130.2027
MinimumVisualStudioVersion = 10.0.40219.1
Project("{FAE04EC0-301F-11D3-BF4B-00C04F79EFBC}") = "CPM", "CPM\CPM.csproj", "{543AC94D-B4D4-4A89-84D1-6E2C6DCD0514}"
EndProject
Project("{FAE04EC0-301F-11D3-BF4B-00C04F79EFBC}") = "CPMForms", "CPMForms\CPMForms.csproj", "{FAB77884-EAEB-48D4-B6A2-D5F6FFD98BC6}"
EndProject
Global
	GlobalSection(SolutionConfigurationPlatforms) = preSolution
		Debug|Any CPU = Debug|Any CPU
		Release|Any CPU = Release|Any CPU
	EndGlobalSection
	GlobalSection(ProjectConfigurationPlatforms) = postSolution
		{543AC94D-B4D4-4A89-84D1-6E2C6DCD0514}.Debug|Any CPU.ActiveCfg = Debug|Any CPU
		{543AC94D-B4D4-4A89-84D1-6E2C6DCD0514}.Debug|Any CPU.Build.0 = Debug|Any CPU
		{543AC94D-B4D4-4A89-84D1-6E2C6DCD0514}.Release|Any CPU.ActiveCfg = Release|Any CPU
		{543AC94D-B4D4-4A89-84D1-6E2C6DCD0514}.Release|Any CPU.Build.0 = Release|Any CPU
		{FAB77884-EAEB-48D4-B6A2-D5F6FFD98BC6}.Debug|Any CPU.ActiveCfg = Debug|Any CPU
		{FAB77884-EAEB-48D4-B6A2-D5F6FFD98BC6}.Debug|Any CPU.Build.0 = Debug|Any CPU
		{FAB77884-EAEB-48D4-B6A2-D5F6FFD98BC6}.Release|Any CPU.ActiveCfg = Release|Any CPU
		{FAB77884-EAEB-48D4-B6A2-D5F6FFD98BC6}.Release|Any CPU.Build.0 = Release|Any CPU
	EndGlobalSection
	GlobalSection(SolutionProperties) = preSolution
		HideSolutionNode = FALSE
	EndGlobalSection
	GlobalSection(ExtensibilityGlobals) = postSolution
		SolutionGuid = {0342EBA5-794F-4108-BCC6-0D1CAA378762}
	EndGlobalSection
EndGlobal
